
Microsoft Visual Studio Solution File, Format Version 12.00
# Visual Studio Version 17
VisualStudioVersion = 17.10.35027.167
MinimumVisualStudioVersion = 10.0.40219.1
Project("{FAE04EC0-301F-11D3-BF4B-00C04F79EFBC}") = "ConsoleAppBanco", "ConsoleAppBanco\ConsoleAppBanco.csproj", "{2CC48D7B-4870-4592-BA32-A7FFEABFFE4E}"
EndProject
Global
	GlobalSection(SolutionConfigurationPlatforms) = preSolution
		Debug|Any CPU = Debug|Any CPU
		Release|Any CPU = Release|Any CPU
	EndGlobalSection
	GlobalSection(ProjectConfigurationPlatforms) = postSolution
		{2CC48D7B-4870-4592-BA32-A7FFEABFFE4E}.Debug|Any CPU.ActiveCfg = Debug|Any CPU
		{2CC48D7B-4870-4592-BA32-A7FFEABFFE4E}.Debug|Any CPU.Build.0 = Debug|Any CPU
		{2CC48D7B-4870-4592-BA32-A7FFEABFFE4E}.Release|Any CPU.ActiveCfg = Release|Any CPU
		{2CC48D7B-4870-4592-BA32-A7FFEABFFE4E}.Release|Any CPU.Build.0 = Release|Any CPU
	EndGlobalSection
	GlobalSection(SolutionProperties) = preSolution
		HideSolutionNode = FALSE
	EndGlobalSection
	GlobalSection(ExtensibilityGlobals) = postSolution
		SolutionGuid = {5415A1AF-98C3-4B96-BE53-B12611792BA4}
	EndGlobalSection
EndGlobal
