
Microsoft Visual Studio Solution File, Format Version 12.00
# Visual Studio Version 17
VisualStudioVersion = 17.10.35027.167
MinimumVisualStudioVersion = 10.0.40219.1
Project("{FAE04EC0-301F-11D3-BF4B-00C04F79EFBC}") = "PrimeiroAPP", "PrimeiroAPP\PrimeiroAPP.csproj", "{3E46A3DC-0741-48BC-8CA3-64CD93F19B9C}"
EndProject
Global
	GlobalSection(SolutionConfigurationPlatforms) = preSolution
		Debug|Any CPU = Debug|Any CPU
		Release|Any CPU = Release|Any CPU
	EndGlobalSection
	GlobalSection(ProjectConfigurationPlatforms) = postSolution
		{3E46A3DC-0741-48BC-8CA3-64CD93F19B9C}.Debug|Any CPU.ActiveCfg = Debug|Any CPU
		{3E46A3DC-0741-48BC-8CA3-64CD93F19B9C}.Debug|Any CPU.Build.0 = Debug|Any CPU
		{3E46A3DC-0741-48BC-8CA3-64CD93F19B9C}.Release|Any CPU.ActiveCfg = Release|Any CPU
		{3E46A3DC-0741-48BC-8CA3-64CD93F19B9C}.Release|Any CPU.Build.0 = Release|Any CPU
	EndGlobalSection
	GlobalSection(SolutionProperties) = preSolution
		HideSolutionNode = FALSE
	EndGlobalSection
	GlobalSection(ExtensibilityGlobals) = postSolution
		SolutionGuid = {51D487E8-C785-43E2-A8FD-3E9A132B6988}
	EndGlobalSection
EndGlobal
